{
  "scripts": {
  "heroku-prebuild": "cd Apps/ui && npm install && npm run build && cd .. && cd backend && npm install",
  "start": "cd Apps/backend && DEBUG=backend:* npm start"
  },
  "requires": true,
  "lockfileVersion": 1,
  "dependencies": {
    "@babel/runtime": {
      "version": "7.14.5",
      "resolved": "https://registry.npmjs.org/@babel/runtime/-/runtime-7.14.5.tgz",
      "integrity": "sha512-121rumjddw9c3NCQ55KGkyE1h/nzWhU/owjhw0l4mQrkzz4x9SGS1X8gFLraHwX7td3Yo4QTL+qj0NcIzN87BA==",
      "requires": {
        "regenerator-runtime": "^0.13.4"
      }
    },
    "@reduxjs/toolkit": {
      "version": "1.6.0",
      "resolved": "https://registry.npmjs.org/@reduxjs/toolkit/-/toolkit-1.6.0.tgz",
      "integrity": "sha512-eGL50G+Vj5AG5uD0lineb6rRtbs96M8+hxbcwkHpZ8LQcmt0Bm33WyBSnj5AweLkjQ7ZP+KFRDHiLMznljRQ3A==",
      "requires": {
        "immer": "^9.0.1",
        "redux": "^4.1.0",
        "redux-thunk": "^2.3.0",
        "reselect": "^4.0.0"
      }
    },
    "immer": {
      "version": "9.0.3",
      "resolved": "https://registry.npmjs.org/immer/-/immer-9.0.3.tgz",
      "integrity": "sha512-mONgeNSMuyjIe0lkQPa9YhdmTv8P19IeHV0biYhcXhbd5dhdB9HSK93zBpyKjp6wersSUgT5QyU0skmejUVP2A=="
    },
    "redux": {
      "version": "4.1.0",
      "resolved": "https://registry.npmjs.org/redux/-/redux-4.1.0.tgz",
      "integrity": "sha512-uI2dQN43zqLWCt6B/BMGRMY6db7TTY4qeHHfGeKb3EOhmOKjU3KdWvNLJyqaHRksv/ErdNH7cFZWg9jXtewy4g==",
      "requires": {
        "@babel/runtime": "^7.9.2"
      }
    },
    "redux-thunk": {
      "version": "2.3.0",
      "resolved": "https://registry.npmjs.org/redux-thunk/-/redux-thunk-2.3.0.tgz",
      "integrity": "sha512-km6dclyFnmcvxhAcrQV2AkZmPQjzPDjgVlQtR0EQjxZPyJ0BnMf3in1ryuR8A2qU0HldVRfxYXbFSKlI3N7Slw=="
    },
    "regenerator-runtime": {
      "version": "0.13.7",
      "resolved": "https://registry.npmjs.org/regenerator-runtime/-/regenerator-runtime-0.13.7.tgz",
      "integrity": "sha512-a54FxoJDIr27pgf7IgeQGxmqUNYrcV338lf/6gH456HZ/PhX+5BcwHXG9ajESmwe6WRO0tAzRUrRmNONWgkrew=="
    },
    "reselect": {
      "version": "4.0.0",
      "resolved": "https://registry.npmjs.org/reselect/-/reselect-4.0.0.tgz",
      "integrity": "sha512-qUgANli03jjAyGlnbYVAV5vvnOmJnODyABz51RdBN7M4WaVu8mecZWgyQNkG8Yqe3KRGRt0l4K4B3XVEULC4CA=="
    }
  }
}
